# THIS IS AN AUTOGENERATED FILE. DO NOT EDIT THIS FILE DIRECTLY.
# yarn lockfile v1


"@esbuild/darwin-arm64@0.18.20":
  version "0.18.20"
  resolved "https://registry.anpm.alibaba-inc.com/@esbuild/darwin-arm64/-/darwin-arm64-0.18.20.tgz"
  integrity sha512-bxRHW5kHU38zS2lPTPOyuyTm+S+eobPUnTNkdJEfAddYgEcll4xkT8DB9d2008DtTbl7uJag2HuE5NZAZgnNEA==

"@tweenjs/tween.js@~18.6.4":
  version "18.6.4"
  resolved "https://registry.npmmirror.com/@tweenjs/tween.js/-/tween.js-18.6.4.tgz"
  integrity sha512-lB9lMjuqjtuJrx7/kOkqQBtllspPIN+96OvTCeJ2j5FEzinoAXTdAMFnDAQT1KVPRlnYfBrqxtqP66vDM40xxQ==

"@types/stats.js@*":
  version "0.17.4"
  resolved "https://registry.npmmirror.com/@types/stats.js/-/stats.js-0.17.4.tgz"
  integrity sha512-jIBvWWShCvlBqBNIZt0KAshWpvSjhkwkEu4ZUcASoAvhmrgAUI2t1dXrjSL4xXVLB4FznPrIsX3nKXFl/Dt4vA==

"@types/three@^0.152.0":
  version "0.152.1"
  resolved "https://registry.npmmirror.com/@types/three/-/three-0.152.1.tgz"
  integrity sha512-PMOCQnx9JRmq+2OUGTPoY9h1hTWD2L7/nmuW/SyNq1Vbq3Lwt3MNdl3wYSa4DvLTGv62NmIXD9jYdAOwohwJyw==
  dependencies:
    "@tweenjs/tween.js" "~18.6.4"
    "@types/stats.js" "*"
    "@types/webxr" "*"
    fflate "~0.6.9"
    lil-gui "~0.17.0"

"@types/webxr@*":
  version "0.5.24"
  resolved "https://registry.npmmirror.com/@types/webxr/-/webxr-0.5.24.tgz"
  integrity sha512-h8fgEd/DpoS9CBrjEQXR+dIDraopAEfu4wYVNY2tEPwk60stPWhvZMf4Foo5FakuQ7HFZoa8WceaWFervK2Ovg==

"@webgpu/types@0.1.32":
  version "0.1.32"
  resolved "https://registry.npmmirror.com/@webgpu/types/-/types-0.1.32.tgz"
  integrity sha512-H6JRAvRonWxqREjxXMZgQmdgIFPe6mykLgdrHY7EQE7YihMKd/SjtSGilUmMKECVdUMg2IQB9vzaXDiTj1AxZg==

esbuild@^0.18.10:
  version "0.18.20"
  resolved "https://registry.npmmirror.com/esbuild/-/esbuild-0.18.20.tgz"
  integrity sha512-ceqxoedUrcayh7Y7ZX6NdbbDzGROiyVBgC4PriJThBKSVPWnnFHZAkfI1lJT8QFkOwH4qOS2SJkS4wvpGl8BpA==
  optionalDependencies:
    "@esbuild/android-arm" "0.18.20"
    "@esbuild/android-arm64" "0.18.20"
    "@esbuild/android-x64" "0.18.20"
    "@esbuild/darwin-arm64" "0.18.20"
    "@esbuild/darwin-x64" "0.18.20"
    "@esbuild/freebsd-arm64" "0.18.20"
    "@esbuild/freebsd-x64" "0.18.20"
    "@esbuild/linux-arm" "0.18.20"
    "@esbuild/linux-arm64" "0.18.20"
    "@esbuild/linux-ia32" "0.18.20"
    "@esbuild/linux-loong64" "0.18.20"
    "@esbuild/linux-mips64el" "0.18.20"
    "@esbuild/linux-ppc64" "0.18.20"
    "@esbuild/linux-riscv64" "0.18.20"
    "@esbuild/linux-s390x" "0.18.20"
    "@esbuild/linux-x64" "0.18.20"
    "@esbuild/netbsd-x64" "0.18.20"
    "@esbuild/openbsd-x64" "0.18.20"
    "@esbuild/sunos-x64" "0.18.20"
    "@esbuild/win32-arm64" "0.18.20"
    "@esbuild/win32-ia32" "0.18.20"
    "@esbuild/win32-x64" "0.18.20"

fflate@~0.6.9:
  version "0.6.11"
  resolved "https://registry.npmmirror.com/fflate/-/fflate-0.6.11.tgz"
  integrity sha512-3JyEFWGjFn7zHmoa9+zG1BmW7X2okcmAB+0Cnu9UFbVs/jCBnl2A8o065ZlXiw145K3eBM3uLuzrYXC0RK7eDg==

lil-gui@^0.18.1:
  version "0.18.2"
  resolved "https://registry.npmmirror.com/lil-gui/-/lil-gui-0.18.2.tgz"
  integrity sha512-DgdrLy3/KGC0PiQLKgOcJMPItP4xY4iWgJ9+91Zaxfr8GCTmMps05QS9w9jW7yspILlbscbquwjOwxmWnSx5Uw==

lil-gui@~0.17.0:
  version "0.17.0"
  resolved "https://registry.npmmirror.com/lil-gui/-/lil-gui-0.17.0.tgz"
  integrity sha512-MVBHmgY+uEbmJNApAaPbtvNh1RCAeMnKym82SBjtp5rODTYKWtM+MXHCifLe2H2Ti1HuBGBtK/5SyG4ShQ3pUQ==

nanoid@^3.3.17:
  version "3.3.18"
  resolved "https://registry.npmmirror.com/nanoid/-/nanoid-3.3.18.tgz"
  integrity sha512-DTg4MJbGMWkfi6VZFdNt2/caMbQy4Ou+Op/hJQvGEWcnVfoA1QA+xzRKAzw9jD6+GVOOeYr/mIcuDSdug6F6+w==

picocolors@^1.1.1:
  version "1.1.1"
  resolved "https://registry.npmmirror.com/picocolors/-/picocolors-1.1.1.tgz"
  integrity sha512-xceH2snhtb5M9liqDsmEw56le376mTZkEX/jEb/RxNFyegNul7eNslCXP9FDj/Lcu0X8KEyMceP2ntpaHrDEVA==

postcss@^8.4.27:
  version "8.5.26"
  resolved "https://registry.npmmirror.com/postcss/-/postcss-8.5.26.tgz"
  integrity sha512-u82N74LFzG8ca+dD8puPnplTXoGH4fTPpVGuIbt36G3qvNlkvfD0lEAZSxaly3KX8TS/L1A1gsCEmvKmBcVbkQ==
  dependencies:
    nanoid "^3.3.17"
    picocolors "^1.1.1"
    source-map-js "^1.2.1"

rollup@^3.27.1:
  version "3.30.0"
  resolved "https://registry.npmmirror.com/rollup/-/rollup-3.30.0.tgz"
  integrity sha512-kQvGasUgN+AlWGliFn2POSajRQEsULVYFGTvOZmK06d7vCD+YhZztt70kGk3qaeAXeWYL5eO7zx+rAubBc55eA==
  optionalDependencies:
    fsevents "~2.3.2"

source-map-js@^1.2.1:
  version "1.2.1"
  resolved "https://registry.npmmirror.com/source-map-js/-/source-map-js-1.2.1.tgz"
  integrity sha512-UXWMKhLOwVKb728IUtQPXxfYU+usdybtUrK/8uGE8CQMvrhOpwvzDBwj0QhSL7MQc7vIsISBG8VQ8+IDQxpfQA==

stats.js@^0.17.0:
  version "0.17.0"
  resolved "https://registry.npmmirror.com/stats.js/-/stats.js-0.17.0.tgz"
  integrity sha512-hNKz8phvYLPEcRkeG1rsGmV5ChMjKDAWU7/OJJdDErPBNChQXxCo3WZurGpnWc6gZhAzEPFad1aVgyOANH1sMw==

three-mesh-bvh@^0.5.23:
  version "0.5.24"
  resolved "https://registry.npmmirror.com/three-mesh-bvh/-/three-mesh-bvh-0.5.24.tgz"
  integrity sha512-VTIgfjz8aFoPKTQoMIQQv9jJD4ybFRZuKKE1/kqy78FQcuHQ0+iIWv7C5cSb2inlvs7bNMVY3yRx3RXGZfrvzQ==

three@^0.152.2, "three@>= 0.123.0":
  version "0.152.2"
  resolved "https://registry.npmmirror.com/three/-/three-0.152.2.tgz"
  integrity sha512-Ff9zIpSfkkqcBcpdiFo2f35vA9ZucO+N8TNacJOqaEE6DrB0eufItVMib8bK8Pcju/ZNT6a7blE1GhTpkdsILw==

typescript@5.0.4:
  version "5.0.4"
  resolved "https://registry.npmmirror.com/typescript/-/typescript-5.0.4.tgz"
  integrity sha512-cW9T5W9xY37cc+jfEnaUvX91foxtHkza3Nw3wkoF4sSlKn0MONdkdEndig/qPBWXNkmplh3NzayQzCiHM4/hqw==

vite@^4.3.8:
  version "4.5.14"
  resolved "https://registry.npmmirror.com/vite/-/vite-4.5.14.tgz"
  integrity sha512-+v57oAaoYNnO3hIu5Z/tJRZjq5aHM2zDve9YZ8HngVHbhk66RStobhb1sqPMIPEleV6cNKYK4eGrAbE9Ulbl2g==
  dependencies:
    esbuild "^0.18.10"
    postcss "^8.4.27"
    rollup "^3.27.1"
  optionalDependencies:
    fsevents "~2.3.2"
